
Microsoft Visual Studio Solution File, Format Version 12.00
# Visual Studio Version 17
VisualStudioVersion = 17.11.35312.102
MinimumVisualStudioVersion = 10.0.40219.1
Project("{FAE04EC0-301F-11D3-BF4B-00C04F79EFBC}") = "NNTPProject", "NNTPProject\NNTPProject.csproj", "{C6DB01E0-B118-4098-855A-8881860F6454}"
EndProject
Project("{FAE04EC0-301F-11D3-BF4B-00C04F79EFBC}") = "NNTPProjectTests", "NNTPProjectTests\NNTPProjectTests.csproj", "{A87F4B7D-9B29-4F7F-B411-9F1D1FF875AE}"
EndProject
Global
	GlobalSection(SolutionConfigurationPlatforms) = preSolution
		Debug|Any CPU = Debug|Any CPU
		Release|Any CPU = Release|Any CPU
	EndGlobalSection
	GlobalSection(ProjectConfigurationPlatforms) = postSolution
		{C6DB01E0-B118-4098-855A-8881860F6454}.Debug|Any CPU.ActiveCfg = Debug|Any CPU
		{C6DB01E0-B118-4098-855A-8881860F6454}.Debug|Any CPU.Build.0 = Debug|Any CPU
		{C6DB01E0-B118-4098-855A-8881860F6454}.Release|Any CPU.ActiveCfg = Release|Any CPU
		{C6DB01E0-B118-4098-855A-8881860F6454}.Release|Any CPU.Build.0 = Release|Any CPU
		{A87F4B7D-9B29-4F7F-B411-9F1D1FF875AE}.Debug|Any CPU.ActiveCfg = Debug|Any CPU
		{A87F4B7D-9B29-4F7F-B411-9F1D1FF875AE}.Debug|Any CPU.Build.0 = Debug|Any CPU
		{A87F4B7D-9B29-4F7F-B411-9F1D1FF875AE}.Release|Any CPU.ActiveCfg = Release|Any CPU
		{A87F4B7D-9B29-4F7F-B411-9F1D1FF875AE}.Release|Any CPU.Build.0 = Release|Any CPU
	EndGlobalSection
	GlobalSection(SolutionProperties) = preSolution
		HideSolutionNode = FALSE
	EndGlobalSection
	GlobalSection(ExtensibilityGlobals) = postSolution
		SolutionGuid = {F04AB13E-5977-4CFC-A0C3-49298ED4E14C}
	EndGlobalSection
EndGlobal
